
Microsoft Visual Studio Solution File, Format Version 12.00
# Visual Studio Version 16
VisualStudioVersion = 16.0.31205.134
MinimumVisualStudioVersion = 10.0.40219.1
Project("{FAE04EC0-301F-11D3-BF4B-00C04F79EFBC}") = "Nalanda.SMS", "Nalanda.SMS\Nalanda.SMS.csproj", "{45496B20-0520-4091-8A70-853A462A4A54}"
EndProject
Project("{9A19103F-16F7-4668-BE54-9A1E7A4F7556}") = "Nalanda.SMS.Data", "Nalanda.SMS.Data\Nalanda.SMS.Data.csproj", "{601A5258-EE62-4FBA-A555-C6DE8F85B031}"
EndProject
Global
	GlobalSection(SolutionConfigurationPlatforms) = preSolution
		Debug|Any CPU = Debug|Any CPU
		Release|Any CPU = Release|Any CPU
	EndGlobalSection
	GlobalSection(ProjectConfigurationPlatforms) = postSolution
		{45496B20-0520-4091-8A70-853A462A4A54}.Debug|Any CPU.ActiveCfg = Debug|Any CPU
		{45496B20-0520-4091-8A70-853A462A4A54}.Debug|Any CPU.Build.0 = Debug|Any CPU
		{45496B20-0520-4091-8A70-853A462A4A54}.Debug|Any CPU.Deploy.0 = Debug|Any CPU
		{45496B20-0520-4091-8A70-853A462A4A54}.Release|Any CPU.ActiveCfg = Release|Any CPU
		{45496B20-0520-4091-8A70-853A462A4A54}.Release|Any CPU.Build.0 = Release|Any CPU
		{601A5258-EE62-4FBA-A555-C6DE8F85B031}.Debug|Any CPU.ActiveCfg = Debug|Any CPU
		{601A5258-EE62-4FBA-A555-C6DE8F85B031}.Debug|Any CPU.Build.0 = Debug|Any CPU
		{601A5258-EE62-4FBA-A555-C6DE8F85B031}.Release|Any CPU.ActiveCfg = Release|Any CPU
		{601A5258-EE62-4FBA-A555-C6DE8F85B031}.Release|Any CPU.Build.0 = Release|Any CPU
	EndGlobalSection
	GlobalSection(SolutionProperties) = preSolution
		HideSolutionNode = FALSE
	EndGlobalSection
	GlobalSection(ExtensibilityGlobals) = postSolution
		SolutionGuid = {8671AB33-DBD1-4E96-B609-5E1234CA6C9D}
	EndGlobalSection
EndGlobal
